// !$*UTF8*$!
{
	archiveVersion = 1;
	classes = {
	};
	objectVersion = 46;
	objects = {

/* Begin PBXBuildFile section */
		8729FA491F9EDBA300A4BBD8 /* HSMainTableViewController.m in Sources */ = {isa = PBXBuildFile; fileRef = 8729FA481F9EDBA300A4BBD8 /* HSMainTableViewController.m */; };
		87A939291EC0ABC50053CB1E /* main.m in Sources */ = {isa = PBXBuildFile; fileRef = 87A939281EC0ABC50053CB1E /* main.m */; };
		87A9392C1EC0ABC50053CB1E /* AppDelegate.m in Sources */ = {isa = PBXBuildFile; fileRef = 87A9392B1EC0ABC50053CB1E /* AppDelegate.m */; };
		87A939341EC0ABC50053CB1E /* Assets.xcassets in Resources */ = {isa = PBXBuildFile; fileRef = 87A939331EC0ABC50053CB1E /* Assets.xcassets */; };
		87A939371EC0ABC50053CB1E /* LaunchScreen.storyboard in Resources */ = {isa = PBXBuildFile; fileRef = 87A939351EC0ABC50053CB1E /* LaunchScreen.storyboard */; };
		87A939411EC0AC460053CB1E /* HSUpdateApp.m in Sources */ = {isa = PBXBuildFile; fileRef = 87A939401EC0AC460053CB1E /* HSUpdateApp.m */; };
/* End PBXBuildFile section */

/* Begin PBXFileReference section */
		8729FA471F9EDBA300A4BBD8 /* HSMainTableViewController.h */ = {isa = PBXFileReference; lastKnownFileType = sourcecode.c.h; path = HSMainTableViewController.h; sourceTree = "<group>"; };
		8729FA481F9EDBA300A4BBD8 /* HSMainTableViewController.m */ = {isa = PBXFileReference; lastKnownFileType = sourcecode.c.objc; path = HSMainTableViewController.m; sourceTree = "<group>"; };
		87A939241EC0ABC50053CB1E /* HSUpdateAppDemo.app */ = {isa = PBXFileReference; explicitFileType = wrapper.application; includeInIndex = 0; path = HSUpdateAppDemo.app; sourceTree = BUILT_PRODUCTS_DIR; };
		87A939281EC0ABC50053CB1E /* main.m */ = {isa = PBXFileReference; lastKnownFileType = sourcecode.c.objc; path = main.m; sourceTree = "<group>"; };
		87A9392A1EC0ABC50053CB1E /* AppDelegate.h */ = {isa = PBXFileReference; lastKnownFileType = sourcecode.c.h; path = AppDelegate.h; sourceTree = "<group>"; };
		87A9392B1EC0ABC50053CB1E /* AppDelegate.m */ = {isa = PBXFileReference; lastKnownFileType = sourcecode.c.objc; path = AppDelegate.m; sourceTree = "<group>"; };
		87A939331EC0ABC50053CB1E /* Assets.xcassets */ = {isa = PBXFileReference; lastKnownFileType = folder.assetcatalog; path = Assets.xcassets; sourceTree = "<group>"; };
		87A939361EC0ABC50053CB1E /* Base */ = {isa = PBXFileReference; lastKnownFileType = file.storyboard; name = Base; path = Base.lproj/LaunchScreen.storyboard; sourceTree = "<group>"; };
		87A939381EC0ABC50053CB1E /* Info.plist */ = {isa = PBXFileReference; lastKnownFileType = text.plist.xml; path = Info.plist; sourceTree = "<group>"; };
		87A9393F1EC0AC460053CB1E /* HSUpdateApp.h */ = {isa = PBXFileReference; fileEncoding = 4; lastKnownFileType = sourcecode.c.h; path = HSUpdateApp.h; sourceTree = "<group>"; };
		87A939401EC0AC460053CB1E /* HSUpdateApp.m */ = {isa = PBXFileReference; fileEncoding = 4; lastKnownFileType = sourcecode.c.objc; path = HSUpdateApp.m; sourceTree = "<group>"; };
/* End PBXFileReference section */

/* Begin PBXFrameworksBuildPhase section */
		87A939211EC0ABC50053CB1E /* Frameworks */ = {
			isa = PBXFrameworksBuildPhase;
			buildActionMask = 2147483647;
			files = (
			);
			runOnlyForDeploymentPostprocessing = 0;
		};
/* End PBXFrameworksBuildPhase section */

/* Begin PBXGroup section */
		87A9391B1EC0ABC50053CB1E = {
			isa = PBXGroup;
			children = (
				87A939261EC0ABC50053CB1E /* HSUpdateAppDemo */,
				87A939251EC0ABC50053CB1E /* Products */,
			);
			sourceTree = "<group>";
		};
		87A939251EC0ABC50053CB1E /* Products */ = {
			isa = PBXGroup;
			children = (
				87A939241EC0ABC50053CB1E /* HSUpdateAppDemo.app */,
			);
			name = Products;
			sourceTree = "<group>";
		};
		87A939261EC0ABC50053CB1E /* HSUpdateAppDemo */ = {
			isa = PBXGroup;
			children = (
				87A9393E1EC0AC220053CB1E /* HSUpdateApp */,
				87A9392A1EC0ABC50053CB1E /* AppDelegate.h */,
				87A9392B1EC0ABC50053CB1E /* AppDelegate.m */,
				8729FA471F9EDBA300A4BBD8 /* HSMainTableViewController.h */,
				8729FA481F9EDBA300A4BBD8 /* HSMainTableViewController.m */,
				87A939331EC0ABC50053CB1E /* Assets.xcassets */,
				87A939351EC0ABC50053CB1E /* LaunchScreen.storyboard */,
				87A939381EC0ABC50053CB1E /* Info.plist */,
				87A939271EC0ABC50053CB1E /* Supporting Files */,
			);
			path = HSUpdateAppDemo;
			sourceTree = "<group>";
		};
		87A939271EC0ABC50053CB1E /* Supporting Files */ = {
			isa = PBXGroup;
			children = (
				87A939281EC0ABC50053CB1E /* main.m */,
			);
			name = "Supporting Files";
			sourceTree = "<group>";
		};
		87A9393E1EC0AC220053CB1E /* HSUpdateApp */ = {
			isa = PBXGroup;
			children = (
				87A9393F1EC0AC460053CB1E /* HSUpdateApp.h */,
				87A939401EC0AC460053CB1E /* HSUpdateApp.m */,
			);
			path = HSUpdateApp;
			sourceTree = "<group>";
		};
/* End PBXGroup section */

/* Begin PBXNativeTarget section */
		87A939231EC0ABC50053CB1E /* HSUpdateAppDemo */ = {
			isa = PBXNativeTarget;
			buildConfigurationList = 87A9393B1EC0ABC50053CB1E /* Build configuration list for PBXNativeTarget "HSUpdateAppDemo" */;
			buildPhases = (
				87A939201EC0ABC50053CB1E /* Sources */,
				87A939211EC0ABC50053CB1E /* Frameworks */,
				87A939221EC0ABC50053CB1E /* Resources */,
			);
			buildRules = (
			);
			dependencies = (
			);
			name = HSUpdateAppDemo;
			productName = HSUpdateAppDemo;
			productReference = 87A939241EC0ABC50053CB1E /* HSUpdateAppDemo.app */;
			productType = "com.apple.product-type.application";
		};
/* End PBXNativeTarget section */

/* Begin PBXProject section */
		87A9391C1EC0ABC50053CB1E /* Project object */ = {
			isa = PBXProject;
			attributes = {
				LastUpgradeCheck = 0900;
				ORGANIZATIONNAME = com.houshuai;
				TargetAttributes = {
					87A939231EC0ABC50053CB1E = {
						CreatedOnToolsVersion = 8.3.2;
						DevelopmentTeam = VMU346QXHU;
						ProvisioningStyle = Automatic;
					};
				};
			};
			buildConfigurationList = 87A9391F1EC0ABC50053CB1E /* Build configuration list for PBXProject "HSUpdateAppDemo" */;
			compatibilityVersion = "Xcode 3.2";
			developmentRegion = English;
			hasScannedForEncodings = 0;
			knownRegions = (
				en,
				Base,
			);
			mainGroup = 87A9391B1EC0ABC50053CB1E;
			productRefGroup = 87A939251EC0ABC50053CB1E /* Products */;
			projectDirPath = "";
			projectRoot = "";
			targets = (
				87A939231EC0ABC50053CB1E /* HSUpdateAppDemo */,
			);
		};
/* End PBXProject section */

/* Begin PBXResourcesBuildPhase section */
		87A939221EC0ABC50053CB1E /* Resources */ = {
			isa = PBXResourcesBuildPhase;
			buildActionMask = 2147483647;
			files = (
				87A939371EC0ABC50053CB1E /* LaunchScreen.storyboard in Resources */,
				87A939341EC0ABC50053CB1E /* Assets.xcassets in Resources */,
			);
			runOnlyForDeploymentPostprocessing = 0;
		};
/* End PBXResourcesBuildPhase section */

/* Begin PBXSourcesBuildPhase section */
		87A939201EC0ABC50053CB1E /* Sources */ = {
			isa = PBXSourcesBuildPhase;
			buildActionMask = 2147483647;
			files = (
				8729FA491F9EDBA300A4BBD8 /* HSMainTableViewController.m in Sources */,
				87A9392C1EC0ABC50053CB1E /* AppDelegate.m in Sources */,
				87A939291EC0ABC50053CB1E /* main.m in Sources */,
				87A939411EC0AC460053CB1E /* HSUpdateApp.m in Sources */,
			);
			runOnlyForDeploymentPostprocessing = 0;
		};
/* End PBXSourcesBuildPhase section */

/* Begin PBXVariantGroup section */
		87A939351EC0ABC50053CB1E /* LaunchScreen.storyboard */ = {
			isa = PBXVariantGroup;
			children = (
				87A939361EC0ABC50053CB1E /* Base */,
			);
			name = LaunchScreen.storyboard;
			sourceTree = "<group>";
		};
/* End PBXVariantGroup section */

/* Begin XCBuildConfiguration section */
		87A939391EC0ABC50053CB1E /* Debug */ = {
			isa = XCBuildConfiguration;
			buildSettings = {
				ALWAYS_SEARCH_USER_PATHS = NO;
				CLANG_ANALYZER_NONNULL = YES;
				CLANG_ANALYZER_NUMBER_OBJECT_CONVERSION = YES_AGGRESSIVE;
				CLANG_CXX_LANGUAGE_STANDARD = "gnu++0x";
				CLANG_CXX_LIBRARY = "libc++";
				CLANG_ENABLE_MODULES = YES;
				CLANG_ENABLE_OBJC_ARC = YES;
				CLANG_WARN_BLOCK_CAPTURE_AUTORELEASING = YES;
				CLANG_WARN_BOOL_CONVERSION = YES;
				CLANG_WARN_COMMA = YES;
				CLANG_WARN_CONSTANT_CONVERSION = YES;
				CLANG_WARN_DIRECT_OBJC_ISA_USAGE = YES_ERROR;
				CLANG_WARN_DOCUMENTATION_COMMENTS = YES;
				CLANG_WARN_EMPTY_BODY = YES;
				CLANG_WARN_ENUM_CONVERSION = YES;
				CLANG_WARN_INFINITE_RECURSION = YES;
				CLANG_WARN_INT_CONVERSION = YES;
				CLANG_WARN_NON_LITERAL_NULL_CONVERSION = YES;
				CLANG_WARN_OBJC_LITERAL_CONVERSION = YES;
				CLANG_WARN_OBJC_ROOT_CLASS = YES_ERROR;
				CLANG_WARN_RANGE_LOOP_ANALYSIS = YES;
				CLANG_WARN_STRICT_PROTOTYPES = YES;
				CLANG_WARN_SUSPICIOUS_MOVE = YES;
				CLANG_WARN_UNREACHABLE_CODE = YES;
				CLANG_WARN__DUPLICATE_METHOD_MATCH = YES;
				"CODE_SIGN_IDENTITY[sdk=iphoneos*]" = "iPhone Developer";
				COPY_PHASE_STRIP = NO;
				DEBUG_INFORMATION_FORMAT = dwarf;
				ENABLE_STRICT_OBJC_MSGSEND = YES;
				ENABLE_TESTABILITY = YES;
				GCC_C_LANGUAGE_STANDARD = gnu99;
				GCC_DYNAMIC_NO_PIC = NO;
				GCC_NO_COMMON_BLOCKS = YES;
				GCC_OPTIMIZATION_LEVEL = 0;
				GCC_PREPROCESSOR_DEFINITIONS = (
					"DEBUG=1",
					"$(inherited)",
				);
				GCC_WARN_64_TO_32_BIT_CONVERSION = YES;
				GCC_WARN_ABOUT_RETURN_TYPE = YES_ERROR;
				GCC_WARN_UNDECLARED_SELECTOR = YES;
				GCC_WARN_UNINITIALIZED_AUTOS = YES_AGGRESSIVE;
				GCC_WARN_UNUSED_FUNCTION = YES;
				GCC_WARN_UNUSED_VARIABLE = YES;
				IPHONEOS_DEPLOYMENT_TARGET = 10.3;
				MTL_ENABLE_DEBUG_INFO = YES;
				ONLY_ACTIVE_ARCH = YES;
				SDKROOT = iphoneos;
			};
			name = Debug;
		};
		87A9393A1EC0ABC50053CB1E /* Release */ = {
			isa = XCBuildConfiguration;
			buildSettings = {
				ALWAYS_SEARCH_USER_PATHS = NO;
				CLANG_ANALYZER_NONNULL = YES;
				CLANG_ANALYZER_NUMBER_OBJECT_CONVERSION = YES_AGGRESSIVE;
				CLANG_CXX_LANGUAGE_STANDARD = "gnu++0x";
				CLANG_CXX_LIBRARY = "libc++";
				CLANG_ENABLE_MODULES = YES;
				CLANG_ENABLE_OBJC_ARC = YES;
				CLANG_WARN_BLOCK_CAPTURE_AUTORELEASING = YES;
				CLANG_WARN_BOOL_CONVERSION = YES;
				CLANG_WARN_COMMA = YES;
				CLANG_WARN_CONSTANT_CONVERSION = YES;
				CLANG_WARN_DIRECT_OBJC_ISA_USAGE = YES_ERROR;
				CLANG_WARN_DOCUMENTATION_COMMENTS = YES;
				CLANG_WARN_EMPTY_BODY = YES;
				CLANG_WARN_ENUM_CONVERSION = YES;
				CLANG_WARN_INFINITE_RECURSION = YES;
				CLANG_WARN_INT_CONVERSION = YES;
				CLANG_WARN_NON_LITERAL_NULL_CONVERSION = YES;
				CLANG_WARN_OBJC_LITERAL_CONVERSION = YES;
				CLANG_WARN_OBJC_ROOT_CLASS = YES_ERROR;
				CLANG_WARN_RANGE_LOOP_ANALYSIS = YES;
				CLANG_WARN_STRICT_PROTOTYPES = YES;
				CLANG_WARN_SUSPICIOUS_MOVE = YES;
				CLANG_WARN_UNREACHABLE_CODE = YES;
				CLANG_WARN__DUPLICATE_METHOD_MATCH = YES;
				"CODE_SIGN_IDENTITY[sdk=iphoneos*]" = "iPhone Developer";
				COPY_PHASE_STRIP = NO;
				DEBUG_INFORMATION_FORMAT = "dwarf-with-dsym";
				ENABLE_NS_ASSERTIONS = NO;
				ENABLE_STRICT_OBJC_MSGSEND = YES;
				GCC_C_LANGUAGE_STANDARD = gnu99;
				GCC_NO_COMMON_BLOCKS = YES;
				GCC_WARN_64_TO_32_BIT_CONVERSION = YES;
				GCC_WARN_ABOUT_RETURN_TYPE = YES_ERROR;
				GCC_WARN_UNDECLARED_SELECTOR = YES;
				GCC_WARN_UNINITIALIZED_AUTOS = YES_AGGRESSIVE;
				GCC_WARN_UNUSED_FUNCTION = YES;
				GCC_WARN_UNUSED_VARIABLE = YES;
				IPHONEOS_DEPLOYMENT_TARGET = 10.3;
				MTL_ENABLE_DEBUG_INFO = NO;
				SDKROOT = iphoneos;
				VALIDATE_PRODUCT = YES;
			};
			name = Release;
		};
		87A9393C1EC0ABC50053CB1E /* Debug */ = {
			isa = XCBuildConfiguration;
			buildSettings = {
				ASSETCATALOG_COMPILER_APPICON_NAME = AppIcon;
				DEVELOPMENT_TEAM = VMU346QXHU;
				INFOPLIST_FILE = HSUpdateAppDemo/Info.plist;
				IPHONEOS_DEPLOYMENT_TARGET = 9.0;
				LD_RUNPATH_SEARCH_PATHS = "$(inherited) @executable_path/Frameworks";
				PRODUCT_BUNDLE_IDENTIFIER = com.houshuai.tghealth;
				PRODUCT_NAME = "$(TARGET_NAME)";
			};
			name = Debug;
		};
		87A9393D1EC0ABC50053CB1E /* Release */ = {
			isa = XCBuildConfiguration;
			buildSettings = {
				ASSETCATALOG_COMPILER_APPICON_NAME = AppIcon;
				DEVELOPMENT_TEAM = VMU346QXHU;
				INFOPLIST_FILE = HSUpdateAppDemo/Info.plist;
				IPHONEOS_DEPLOYMENT_TARGET = 9.0;
				LD_RUNPATH_SEARCH_PATHS = "$(inherited) @executable_path/Frameworks";
				PRODUCT_BUNDLE_IDENTIFIER = com.houshuai.tghealth;
				PRODUCT_NAME = "$(TARGET_NAME)";
			};
			name = Release;
		};
/* End XCBuildConfiguration section */

/* Begin XCConfigurationList section */
		87A9391F1EC0ABC50053CB1E /* Build configuration list for PBXProject "HSUpdateAppDemo" */ = {
			isa = XCConfigurationList;
			buildConfigurations = (
				87A939391EC0ABC50053CB1E /* Debug */,
				87A9393A1EC0ABC50053CB1E /* Release */,
			);
			defaultConfigurationIsVisible = 0;
			defaultConfigurationName = Release;
		};
		87A9393B1EC0ABC50053CB1E /* Build configuration list for PBXNativeTarget "HSUpdateAppDemo" */ = {
			isa = XCConfigurationList;
			buildConfigurations = (
				87A9393C1EC0ABC50053CB1E /* Debug */,
				87A9393D1EC0ABC50053CB1E /* Release */,
			);
			defaultConfigurationIsVisible = 0;
			defaultConfigurationName = Release;
		};
/* End XCConfigurationList section */
	};
	rootObject = 87A9391C1EC0ABC50053CB1E /* Project object */;
}
